
Microsoft Visual Studio Solution File, Format Version 12.00
Project("{FAE04EC0-301F-11D3-BF4B-00C04F79EFBC}") = "Blog.Web", "Blog.Web\Blog.Web.csproj", "{ED0CD173-EEFB-4C06-B6A6-933F16F2F8F6}"
EndProject
Project("{FAE04EC0-301F-11D3-BF4B-00C04F79EFBC}") = "Blog.Web.Tests.Unit", "Blog.Web.Tests.Unit\Blog.Web.Tests.Unit.csproj", "{1FE280D4-1C38-4425-95EB-E2E8A3A4739B}"
EndProject
Global
	GlobalSection(SolutionConfigurationPlatforms) = preSolution
		Debug|Any CPU = Debug|Any CPU
		Release|Any CPU = Release|Any CPU
	EndGlobalSection
	GlobalSection(ProjectConfigurationPlatforms) = postSolution
		{ED0CD173-EEFB-4C06-B6A6-933F16F2F8F6}.Debug|Any CPU.ActiveCfg = Debug|Any CPU
		{ED0CD173-EEFB-4C06-B6A6-933F16F2F8F6}.Debug|Any CPU.Build.0 = Debug|Any CPU
		{ED0CD173-EEFB-4C06-B6A6-933F16F2F8F6}.Release|Any CPU.ActiveCfg = Release|Any CPU
		{ED0CD173-EEFB-4C06-B6A6-933F16F2F8F6}.Release|Any CPU.Build.0 = Release|Any CPU
		{1FE280D4-1C38-4425-95EB-E2E8A3A4739B}.Debug|Any CPU.ActiveCfg = Debug|Any CPU
		{1FE280D4-1C38-4425-95EB-E2E8A3A4739B}.Debug|Any CPU.Build.0 = Debug|Any CPU
		{1FE280D4-1C38-4425-95EB-E2E8A3A4739B}.Release|Any CPU.ActiveCfg = Release|Any CPU
		{1FE280D4-1C38-4425-95EB-E2E8A3A4739B}.Release|Any CPU.Build.0 = Release|Any CPU
	EndGlobalSection
EndGlobal
